# THIS IS AN AUTOGENERATED FILE. DO NOT EDIT THIS FILE DIRECTLY.
# yarn lockfile v1


highcharts@^6.0.7:
  version "6.0.7"
  resolved "https://registry.yarnpkg.com/highcharts/-/highcharts-6.0.7.tgz#fd5c4f24fdc61a04ae155a5b70830a96c8f70919"

jquery-ui@^1.12.1:
  version "1.12.1"
  resolved "https://registry.yarnpkg.com/jquery-ui/-/jquery-ui-1.12.1.tgz#bcb4045c8dd0539c134bc1488cdd3e768a7a9e51"

jquery@^3.3.1:
  version "3.3.1"
  resolved "https://registry.yarnpkg.com/jquery/-/jquery-3.3.1.tgz#958ce29e81c9790f31be7792df5d4d95fc57fbca"

mdbootstrap@^4.5.0:
  version "4.5.0"
  resolved "https://registry.yarnpkg.com/mdbootstrap/-/mdbootstrap-4.5.0.tgz#6fa9485e1b137fca59f8ea3e17d55b20123024b3"
